// !$*UTF8*$!
{
	archiveVersion = 1;
	classes = {
	};
	objectVersion = 46;
	objects = {

/* Begin PBXBuildFile section */
		1E3917681E78CA2C00B09237 /* mainFeedVC.swift in Sources */ = {isa = PBXBuildFile; fileRef = 1E3917671E78CA2C00B09237 /* mainFeedVC.swift */; };
		1E572D7F1E75AE8A0080411E /* AppDelegate.swift in Sources */ = {isa = PBXBuildFile; fileRef = 1E572D7E1E75AE8A0080411E /* AppDelegate.swift */; };
		1E572D811E75AE8A0080411E /* SignInVC.swift in Sources */ = {isa = PBXBuildFile; fileRef = 1E572D801E75AE8A0080411E /* SignInVC.swift */; };
		1E572D841E75AE8A0080411E /* Main.storyboard in Resources */ = {isa = PBXBuildFile; fileRef = 1E572D821E75AE8A0080411E /* Main.storyboard */; };
		1E572D861E75AE8A0080411E /* Assets.xcassets in Resources */ = {isa = PBXBuildFile; fileRef = 1E572D851E75AE8A0080411E /* Assets.xcassets */; };
		1E572D891E75AE8A0080411E /* LaunchScreen.storyboard in Resources */ = {isa = PBXBuildFile; fileRef = 1E572D871E75AE8A0080411E /* LaunchScreen.storyboard */; };
		1E572D931E75B2760080411E /* GoogleService-Info.plist in Resources */ = {isa = PBXBuildFile; fileRef = 1E572D921E75B2760080411E /* GoogleService-Info.plist */; };
		1E931E921E786D2E00332D24 /* customClassGen.swift in Sources */ = {isa = PBXBuildFile; fileRef = 1E931E911E786D2E00332D24 /* customClassGen.swift */; };
		96874593F9223E83566E2AB5 /* Pods_projectRocketa.framework in Frameworks */ = {isa = PBXBuildFile; fileRef = 5A1FCC51B7A949C9E0F3FE64 /* Pods_projectRocketa.framework */; };
/* End PBXBuildFile section */

/* Begin PBXFileReference section */
		1E3917671E78CA2C00B09237 /* mainFeedVC.swift */ = {isa = PBXFileReference; fileEncoding = 4; lastKnownFileType = sourcecode.swift; path = mainFeedVC.swift; sourceTree = "<group>"; };
		1E572D7B1E75AE890080411E /* projectRocketa.app */ = {isa = PBXFileReference; explicitFileType = wrapper.application; includeInIndex = 0; path = projectRocketa.app; sourceTree = BUILT_PRODUCTS_DIR; };
		1E572D7E1E75AE8A0080411E /* AppDelegate.swift */ = {isa = PBXFileReference; lastKnownFileType = sourcecode.swift; path = AppDelegate.swift; sourceTree = "<group>"; };
		1E572D801E75AE8A0080411E /* SignInVC.swift */ = {isa = PBXFileReference; lastKnownFileType = sourcecode.swift; path = SignInVC.swift; sourceTree = "<group>"; };
		1E572D831E75AE8A0080411E /* Base */ = {isa = PBXFileReference; lastKnownFileType = file.storyboard; name = Base; path = Base.lproj/Main.storyboard; sourceTree = "<group>"; };
		1E572D851E75AE8A0080411E /* Assets.xcassets */ = {isa = PBXFileReference; lastKnownFileType = folder.assetcatalog; path = Assets.xcassets; sourceTree = "<group>"; };
		1E572D881E75AE8A0080411E /* Base */ = {isa = PBXFileReference; lastKnownFileType = file.storyboard; name = Base; path = Base.lproj/LaunchScreen.storyboard; sourceTree = "<group>"; };
		1E572D8A1E75AE8A0080411E /* Info.plist */ = {isa = PBXFileReference; lastKnownFileType = text.plist.xml; path = Info.plist; sourceTree = "<group>"; };
		1E572D921E75B2760080411E /* GoogleService-Info.plist */ = {isa = PBXFileReference; fileEncoding = 4; lastKnownFileType = text.plist.xml; path = "GoogleService-Info.plist"; sourceTree = "<group>"; };
		1E931E911E786D2E00332D24 /* customClassGen.swift */ = {isa = PBXFileReference; fileEncoding = 4; lastKnownFileType = sourcecode.swift; path = customClassGen.swift; sourceTree = "<group>"; };
		5A1FCC51B7A949C9E0F3FE64 /* Pods_projectRocketa.framework */ = {isa = PBXFileReference; explicitFileType = wrapper.framework; includeInIndex = 0; path = Pods_projectRocketa.framework; sourceTree = BUILT_PRODUCTS_DIR; };
		ACFF006830F89324629E1032 /* Pods-projectRocketa.debug.xcconfig */ = {isa = PBXFileReference; includeInIndex = 1; lastKnownFileType = text.xcconfig; name = "Pods-projectRocketa.debug.xcconfig"; path = "Pods/Target Support Files/Pods-projectRocketa/Pods-projectRocketa.debug.xcconfig"; sourceTree = "<group>"; };
		DCB5DBB1DF858EFAB61AFAB1 /* Pods-projectRocketa.release.xcconfig */ = {isa = PBXFileReference; includeInIndex = 1; lastKnownFileType = text.xcconfig; name = "Pods-projectRocketa.release.xcconfig"; path = "Pods/Target Support Files/Pods-projectRocketa/Pods-projectRocketa.release.xcconfig"; sourceTree = "<group>"; };
/* End PBXFileReference section */

/* Begin PBXFrameworksBuildPhase section */
		1E572D781E75AE890080411E /* Frameworks */ = {
			isa = PBXFrameworksBuildPhase;
			buildActionMask = 2147483647;
			files = (
				96874593F9223E83566E2AB5 /* Pods_projectRocketa.framework in Frameworks */,
			);
			runOnlyForDeploymentPostprocessing = 0;
		};
/* End PBXFrameworksBuildPhase section */

/* Begin PBXGroup section */
		1E572D721E75AE890080411E = {
			isa = PBXGroup;
			children = (
				1E572D7D1E75AE8A0080411E /* projectRocketa */,
				1E572D7C1E75AE8A0080411E /* Products */,
				2ED3FF1352DC9CD41DBD5125 /* Pods */,
				3D9F469F93B89A8CB05B03B8 /* Frameworks */,
			);
			sourceTree = "<group>";
		};
		1E572D7C1E75AE8A0080411E /* Products */ = {
			isa = PBXGroup;
			children = (
				1E572D7B1E75AE890080411E /* projectRocketa.app */,
			);
			name = Products;
			sourceTree = "<group>";
		};
		1E572D7D1E75AE8A0080411E /* projectRocketa */ = {
			isa = PBXGroup;
			children = (
				1E931E8E1E75BDB200332D24 /* Controller */,
				1E931E8D1E75BDA900332D24 /* View */,
				1E931E8C1E75BDA200332D24 /* Model */,
				1E572D7E1E75AE8A0080411E /* AppDelegate.swift */,
				1E572D821E75AE8A0080411E /* Main.storyboard */,
				1E572D851E75AE8A0080411E /* Assets.xcassets */,
				1E572D871E75AE8A0080411E /* LaunchScreen.storyboard */,
				1E572D8A1E75AE8A0080411E /* Info.plist */,
				1E572D921E75B2760080411E /* GoogleService-Info.plist */,
			);
			path = projectRocketa;
			sourceTree = "<group>";
		};
		1E931E8C1E75BDA200332D24 /* Model */ = {
			isa = PBXGroup;
			children = (
			);
			name = Model;
			sourceTree = "<group>";
		};
		1E931E8D1E75BDA900332D24 /* View */ = {
			isa = PBXGroup;
			children = (
				1E931E911E786D2E00332D24 /* customClassGen.swift */,
			);
			name = View;
			sourceTree = "<group>";
		};
		1E931E8E1E75BDB200332D24 /* Controller */ = {
			isa = PBXGroup;
			children = (
				1E572D801E75AE8A0080411E /* SignInVC.swift */,
				1E3917671E78CA2C00B09237 /* mainFeedVC.swift */,
			);
			name = Controller;
			sourceTree = "<group>";
		};
		2ED3FF1352DC9CD41DBD5125 /* Pods */ = {
			isa = PBXGroup;
			children = (
				ACFF006830F89324629E1032 /* Pods-projectRocketa.debug.xcconfig */,
				DCB5DBB1DF858EFAB61AFAB1 /* Pods-projectRocketa.release.xcconfig */,
			);
			name = Pods;
			sourceTree = "<group>";
		};
		3D9F469F93B89A8CB05B03B8 /* Frameworks */ = {
			isa = PBXGroup;
			children = (
				5A1FCC51B7A949C9E0F3FE64 /* Pods_projectRocketa.framework */,
			);
			name = Frameworks;
			sourceTree = "<group>";
		};
/* End PBXGroup section */

/* Begin PBXNativeTarget section */
		1E572D7A1E75AE890080411E /* projectRocketa */ = {
			isa = PBXNativeTarget;
			buildConfigurationList = 1E572D8D1E75AE8A0080411E /* Build configuration list for PBXNativeTarget "projectRocketa" */;
			buildPhases = (
				651D4FC74842C6AAB0CD6412 /* [CP] Check Pods Manifest.lock */,
				1E572D771E75AE890080411E /* Sources */,
				1E572D781E75AE890080411E /* Frameworks */,
				1E572D791E75AE890080411E /* Resources */,
				B4E309A7763A1229BB9074C9 /* [CP] Embed Pods Frameworks */,
				563D75F44500E1781A4E1099 /* [CP] Copy Pods Resources */,
			);
			buildRules = (
			);
			dependencies = (
			);
			name = projectRocketa;
			productName = projectRocketa;
			productReference = 1E572D7B1E75AE890080411E /* projectRocketa.app */;
			productType = "com.apple.product-type.application";
		};
/* End PBXNativeTarget section */

/* Begin PBXProject section */
		1E572D731E75AE890080411E /* Project object */ = {
			isa = PBXProject;
			attributes = {
				LastSwiftUpdateCheck = 0820;
				LastUpgradeCheck = 0820;
				ORGANIZATIONNAME = "Michael Ballard";
				TargetAttributes = {
					1E572D7A1E75AE890080411E = {
						CreatedOnToolsVersion = 8.2;
						ProvisioningStyle = Automatic;
					};
				};
			};
			buildConfigurationList = 1E572D761E75AE890080411E /* Build configuration list for PBXProject "projectRocketa" */;
			compatibilityVersion = "Xcode 3.2";
			developmentRegion = English;
			hasScannedForEncodings = 0;
			knownRegions = (
				en,
				Base,
			);
			mainGroup = 1E572D721E75AE890080411E;
			productRefGroup = 1E572D7C1E75AE8A0080411E /* Products */;
			projectDirPath = "";
			projectRoot = "";
			targets = (
				1E572D7A1E75AE890080411E /* projectRocketa */,
			);
		};
/* End PBXProject section */

/* Begin PBXResourcesBuildPhase section */
		1E572D791E75AE890080411E /* Resources */ = {
			isa = PBXResourcesBuildPhase;
			buildActionMask = 2147483647;
			files = (
				1E572D891E75AE8A0080411E /* LaunchScreen.storyboard in Resources */,
				1E572D861E75AE8A0080411E /* Assets.xcassets in Resources */,
				1E572D841E75AE8A0080411E /* Main.storyboard in Resources */,
				1E572D931E75B2760080411E /* GoogleService-Info.plist in Resources */,
			);
			runOnlyForDeploymentPostprocessing = 0;
		};
/* End PBXResourcesBuildPhase section */

/* Begin PBXShellScriptBuildPhase section */
		563D75F44500E1781A4E1099 /* [CP] Copy Pods Resources */ = {
			isa = PBXShellScriptBuildPhase;
			buildActionMask = 2147483647;
			files = (
			);
			inputPaths = (
			);
			name = "[CP] Copy Pods Resources";
			outputPaths = (
			);
			runOnlyForDeploymentPostprocessing = 0;
			shellPath = /bin/sh;
			shellScript = "\"${SRCROOT}/Pods/Target Support Files/Pods-projectRocketa/Pods-projectRocketa-resources.sh\"\n";
			showEnvVarsInLog = 0;
		};
		651D4FC74842C6AAB0CD6412 /* [CP] Check Pods Manifest.lock */ = {
			isa = PBXShellScriptBuildPhase;
			buildActionMask = 2147483647;
			files = (
			);
			inputPaths = (
			);
			name = "[CP] Check Pods Manifest.lock";
			outputPaths = (
			);
			runOnlyForDeploymentPostprocessing = 0;
			shellPath = /bin/sh;
			shellScript = "diff \"${PODS_ROOT}/../Podfile.lock\" \"${PODS_ROOT}/Manifest.lock\" > /dev/null\nif [ $? != 0 ] ; then\n    # print error to STDERR\n    echo \"error: The sandbox is not in sync with the Podfile.lock. Run 'pod install' or update your CocoaPods installation.\" >&2\n    exit 1\nfi\n";
			showEnvVarsInLog = 0;
		};
		B4E309A7763A1229BB9074C9 /* [CP] Embed Pods Frameworks */ = {
			isa = PBXShellScriptBuildPhase;
			buildActionMask = 2147483647;
			files = (
			);
			inputPaths = (
			);
			name = "[CP] Embed Pods Frameworks";
			outputPaths = (
			);
			runOnlyForDeploymentPostprocessing = 0;
			shellPath = /bin/sh;
			shellScript = "\"${SRCROOT}/Pods/Target Support Files/Pods-projectRocketa/Pods-projectRocketa-frameworks.sh\"\n";
			showEnvVarsInLog = 0;
		};
/* End PBXShellScriptBuildPhase section */

/* Begin PBXSourcesBuildPhase section */
		1E572D771E75AE890080411E /* Sources */ = {
			isa = PBXSourcesBuildPhase;
			buildActionMask = 2147483647;
			files = (
				1E572D811E75AE8A0080411E /* SignInVC.swift in Sources */,
				1E3917681E78CA2C00B09237 /* mainFeedVC.swift in Sources */,
				1E572D7F1E75AE8A0080411E /* AppDelegate.swift in Sources */,
				1E931E921E786D2E00332D24 /* customClassGen.swift in Sources */,
			);
			runOnlyForDeploymentPostprocessing = 0;
		};
/* End PBXSourcesBuildPhase section */

/* Begin PBXVariantGroup section */
		1E572D821E75AE8A0080411E /* Main.storyboard */ = {
			isa = PBXVariantGroup;
			children = (
				1E572D831E75AE8A0080411E /* Base */,
			);
			name = Main.storyboard;
			sourceTree = "<group>";
		};
		1E572D871E75AE8A0080411E /* LaunchScreen.storyboard */ = {
			isa = PBXVariantGroup;
			children = (
				1E572D881E75AE8A0080411E /* Base */,
			);
			name = LaunchScreen.storyboard;
			sourceTree = "<group>";
		};
/* End PBXVariantGroup section */

/* Begin XCBuildConfiguration section */
		1E572D8B1E75AE8A0080411E /* Debug */ = {
			isa = XCBuildConfiguration;
			buildSettings = {
				ALWAYS_SEARCH_USER_PATHS = NO;
				CLANG_ANALYZER_NONNULL = YES;
				CLANG_CXX_LANGUAGE_STANDARD = "gnu++0x";
				CLANG_CXX_LIBRARY = "libc++";
				CLANG_ENABLE_MODULES = YES;
				CLANG_ENABLE_OBJC_ARC = YES;
				CLANG_WARN_BOOL_CONVERSION = YES;
				CLANG_WARN_CONSTANT_CONVERSION = YES;
				CLANG_WARN_DIRECT_OBJC_ISA_USAGE = YES_ERROR;
				CLANG_WARN_DOCUMENTATION_COMMENTS = YES;
				CLANG_WARN_EMPTY_BODY = YES;
				CLANG_WARN_ENUM_CONVERSION = YES;
				CLANG_WARN_INFINITE_RECURSION = YES;
				CLANG_WARN_INT_CONVERSION = YES;
				CLANG_WARN_OBJC_ROOT_CLASS = YES_ERROR;
				CLANG_WARN_SUSPICIOUS_MOVE = YES;
				CLANG_WARN_UNREACHABLE_CODE = YES;
				CLANG_WARN__DUPLICATE_METHOD_MATCH = YES;
				"CODE_SIGN_IDENTITY[sdk=iphoneos*]" = "iPhone Developer";
				COPY_PHASE_STRIP = NO;
				DEBUG_INFORMATION_FORMAT = dwarf;
				ENABLE_STRICT_OBJC_MSGSEND = YES;
				ENABLE_TESTABILITY = YES;
				GCC_C_LANGUAGE_STANDARD = gnu99;
				GCC_DYNAMIC_NO_PIC = NO;
				GCC_NO_COMMON_BLOCKS = YES;
				GCC_OPTIMIZATION_LEVEL = 0;
				GCC_PREPROCESSOR_DEFINITIONS = (
					"DEBUG=1",
					"$(inherited)",
				);
				GCC_WARN_64_TO_32_BIT_CONVERSION = YES;
				GCC_WARN_ABOUT_RETURN_TYPE = YES_ERROR;
				GCC_WARN_UNDECLARED_SELECTOR = YES;
				GCC_WARN_UNINITIALIZED_AUTOS = YES_AGGRESSIVE;
				GCC_WARN_UNUSED_FUNCTION = YES;
				GCC_WARN_UNUSED_VARIABLE = YES;
				IPHONEOS_DEPLOYMENT_TARGET = 10.2;
				MTL_ENABLE_DEBUG_INFO = YES;
				ONLY_ACTIVE_ARCH = YES;
				SDKROOT = iphoneos;
				SWIFT_ACTIVE_COMPILATION_CONDITIONS = DEBUG;
				SWIFT_OPTIMIZATION_LEVEL = "-Onone";
			};
			name = Debug;
		};
		1E572D8C1E75AE8A0080411E /* Release */ = {
			isa = XCBuildConfiguration;
			buildSettings = {
				ALWAYS_SEARCH_USER_PATHS = NO;
				CLANG_ANALYZER_NONNULL = YES;
				CLANG_CXX_LANGUAGE_STANDARD = "gnu++0x";
				CLANG_CXX_LIBRARY = "libc++";
				CLANG_ENABLE_MODULES = YES;
				CLANG_ENABLE_OBJC_ARC = YES;
				CLANG_WARN_BOOL_CONVERSION = YES;
				CLANG_WARN_CONSTANT_CONVERSION = YES;
				CLANG_WARN_DIRECT_OBJC_ISA_USAGE = YES_ERROR;
				CLANG_WARN_DOCUMENTATION_COMMENTS = YES;
				CLANG_WARN_EMPTY_BODY = YES;
				CLANG_WARN_ENUM_CONVERSION = YES;
				CLANG_WARN_INFINITE_RECURSION = YES;
				CLANG_WARN_INT_CONVERSION = YES;
				CLANG_WARN_OBJC_ROOT_CLASS = YES_ERROR;
				CLANG_WARN_SUSPICIOUS_MOVE = YES;
				CLANG_WARN_UNREACHABLE_CODE = YES;
				CLANG_WARN__DUPLICATE_METHOD_MATCH = YES;
				"CODE_SIGN_IDENTITY[sdk=iphoneos*]" = "iPhone Developer";
				COPY_PHASE_STRIP = NO;
				DEBUG_INFORMATION_FORMAT = "dwarf-with-dsym";
				ENABLE_NS_ASSERTIONS = NO;
				ENABLE_STRICT_OBJC_MSGSEND = YES;
				GCC_C_LANGUAGE_STANDARD = gnu99;
				GCC_NO_COMMON_BLOCKS = YES;
				GCC_WARN_64_TO_32_BIT_CONVERSION = YES;
				GCC_WARN_ABOUT_RETURN_TYPE = YES_ERROR;
				GCC_WARN_UNDECLARED_SELECTOR = YES;
				GCC_WARN_UNINITIALIZED_AUTOS = YES_AGGRESSIVE;
				GCC_WARN_UNUSED_FUNCTION = YES;
				GCC_WARN_UNUSED_VARIABLE = YES;
				IPHONEOS_DEPLOYMENT_TARGET = 10.2;
				MTL_ENABLE_DEBUG_INFO = NO;
				SDKROOT = iphoneos;
				SWIFT_OPTIMIZATION_LEVEL = "-Owholemodule";
				VALIDATE_PRODUCT = YES;
			};
			name = Release;
		};
		1E572D8E1E75AE8A0080411E /* Debug */ = {
			isa = XCBuildConfiguration;
			baseConfigurationReference = ACFF006830F89324629E1032 /* Pods-projectRocketa.debug.xcconfig */;
			buildSettings = {
				ASSETCATALOG_COMPILER_APPICON_NAME = AppIcon;
				INFOPLIST_FILE = projectRocketa/Info.plist;
				LD_RUNPATH_SEARCH_PATHS = "$(inherited) @executable_path/Frameworks";
				PRODUCT_BUNDLE_IDENTIFIER = mab.ventures.projectRocketa;
				PRODUCT_NAME = "$(TARGET_NAME)";
				SWIFT_VERSION = 3.0;
			};
			name = Debug;
		};
		1E572D8F1E75AE8A0080411E /* Release */ = {
			isa = XCBuildConfiguration;
			baseConfigurationReference = DCB5DBB1DF858EFAB61AFAB1 /* Pods-projectRocketa.release.xcconfig */;
			buildSettings = {
				ASSETCATALOG_COMPILER_APPICON_NAME = AppIcon;
				INFOPLIST_FILE = projectRocketa/Info.plist;
				LD_RUNPATH_SEARCH_PATHS = "$(inherited) @executable_path/Frameworks";
				PRODUCT_BUNDLE_IDENTIFIER = mab.ventures.projectRocketa;
				PRODUCT_NAME = "$(TARGET_NAME)";
				SWIFT_VERSION = 3.0;
			};
			name = Release;
		};
/* End XCBuildConfiguration section */

/* Begin XCConfigurationList section */
		1E572D761E75AE890080411E /* Build configuration list for PBXProject "projectRocketa" */ = {
			isa = XCConfigurationList;
			buildConfigurations = (
				1E572D8B1E75AE8A0080411E /* Debug */,
				1E572D8C1E75AE8A0080411E /* Release */,
			);
			defaultConfigurationIsVisible = 0;
			defaultConfigurationName = Release;
		};
		1E572D8D1E75AE8A0080411E /* Build configuration list for PBXNativeTarget "projectRocketa" */ = {
			isa = XCConfigurationList;
			buildConfigurations = (
				1E572D8E1E75AE8A0080411E /* Debug */,
				1E572D8F1E75AE8A0080411E /* Release */,
			);
			defaultConfigurationIsVisible = 0;
			defaultConfigurationName = Release;
		};
/* End XCConfigurationList section */
	};
	rootObject = 1E572D731E75AE890080411E /* Project object */;
}
